
Microsoft Visual Studio Solution File, Format Version 12.00
# Visual Studio Version 17
VisualStudioVersion = 17.1.32421.90
MinimumVisualStudioVersion = 10.0.40219.1
Project("{FAE04EC0-301F-11D3-BF4B-00C04F79EFBC}") = "TwitterProject", "TwitterProject.csproj", "{24DCF79F-EE47-4181-89FB-0D7E7F93E237}"
EndProject
Global
	GlobalSection(SolutionConfigurationPlatforms) = preSolution
		Debug|Any CPU = Debug|Any CPU
		Release|Any CPU = Release|Any CPU
	EndGlobalSection
	GlobalSection(ProjectConfigurationPlatforms) = postSolution
		{24DCF79F-EE47-4181-89FB-0D7E7F93E237}.Debug|Any CPU.ActiveCfg = Debug|Any CPU
		{24DCF79F-EE47-4181-89FB-0D7E7F93E237}.Debug|Any CPU.Build.0 = Debug|Any CPU
		{24DCF79F-EE47-4181-89FB-0D7E7F93E237}.Release|Any CPU.ActiveCfg = Release|Any CPU
		{24DCF79F-EE47-4181-89FB-0D7E7F93E237}.Release|Any CPU.Build.0 = Release|Any CPU
	EndGlobalSection
	GlobalSection(SolutionProperties) = preSolution
		HideSolutionNode = FALSE
	EndGlobalSection
	GlobalSection(ExtensibilityGlobals) = postSolution
		SolutionGuid = {168A9E91-D279-486B-B6F8-8B9B55579ABC}
	EndGlobalSection
EndGlobal
